
Microsoft Visual Studio Solution File, Format Version 12.00
# Visual Studio Version 17
VisualStudioVersion = 17.14.36705.20 d17.14
MinimumVisualStudioVersion = 10.0.40219.1
Project("{FAE04EC0-301F-11D3-BF4B-00C04F79EFBC}") = "TestEdwinZR", "TestEdwinZR.csproj", "{49345781-36CA-4D0D-AFB4-D37F9E42CA48}"
EndProject
Global
	GlobalSection(SolutionConfigurationPlatforms) = preSolution
		Debug|Any CPU = Debug|Any CPU
		Release|Any CPU = Release|Any CPU
	EndGlobalSection
	GlobalSection(ProjectConfigurationPlatforms) = postSolution
		{49345781-36CA-4D0D-AFB4-D37F9E42CA48}.Debug|Any CPU.ActiveCfg = Debug|Any CPU
		{49345781-36CA-4D0D-AFB4-D37F9E42CA48}.Debug|Any CPU.Build.0 = Debug|Any CPU
		{49345781-36CA-4D0D-AFB4-D37F9E42CA48}.Release|Any CPU.ActiveCfg = Release|Any CPU
		{49345781-36CA-4D0D-AFB4-D37F9E42CA48}.Release|Any CPU.Build.0 = Release|Any CPU
	EndGlobalSection
	GlobalSection(SolutionProperties) = preSolution
		HideSolutionNode = FALSE
	EndGlobalSection
	GlobalSection(ExtensibilityGlobals) = postSolution
		SolutionGuid = {00E45017-2F7A-49BA-AE34-EE54DC1B038C}
	EndGlobalSection
EndGlobal
